// !$*UTF8*$!
{
	archiveVersion = 1;
	classes = {
	};
	objectVersion = 46;
	objects = {

/* Begin PBXBuildFile section */
		6ECA7A9813E30B07008E4E01 /* UIKit.framework in Frameworks */ = {isa = PBXBuildFile; fileRef = 6ECA7A9713E30B07008E4E01 /* UIKit.framework */; };
		6ECA7A9A13E30B07008E4E01 /* Foundation.framework in Frameworks */ = {isa = PBXBuildFile; fileRef = 6ECA7A9913E30B07008E4E01 /* Foundation.framework */; };
		6ECA7A9C13E30B07008E4E01 /* CoreGraphics.framework in Frameworks */ = {isa = PBXBuildFile; fileRef = 6ECA7A9B13E30B07008E4E01 /* CoreGraphics.framework */; };
		6ECA7A9E13E30B07008E4E01 /* CoreData.framework in Frameworks */ = {isa = PBXBuildFile; fileRef = 6ECA7A9D13E30B07008E4E01 /* CoreData.framework */; };
		6ECA7AA413E30B07008E4E01 /* InfoPlist.strings in Resources */ = {isa = PBXBuildFile; fileRef = 6ECA7AA213E30B07008E4E01 /* InfoPlist.strings */; };
		6ECA7AA613E30B07008E4E01 /* main.m in Sources */ = {isa = PBXBuildFile; fileRef = 6ECA7AA513E30B07008E4E01 /* main.m */; };
		6ECA7AAA13E30B07008E4E01 /* NavigationSpikeAppDelegate.m in Sources */ = {isa = PBXBuildFile; fileRef = 6ECA7AA913E30B07008E4E01 /* NavigationSpikeAppDelegate.m */; };
		6ECA7AAD13E30B07008E4E01 /* NavigationSpike.xcdatamodeld in Sources */ = {isa = PBXBuildFile; fileRef = 6ECA7AAB13E30B07008E4E01 /* NavigationSpike.xcdatamodeld */; };
		6ECA7AB513E30B07008E4E01 /* SenTestingKit.framework in Frameworks */ = {isa = PBXBuildFile; fileRef = 6ECA7AB413E30B07008E4E01 /* SenTestingKit.framework */; };
		6ECA7AB613E30B07008E4E01 /* UIKit.framework in Frameworks */ = {isa = PBXBuildFile; fileRef = 6ECA7A9713E30B07008E4E01 /* UIKit.framework */; };
		6ECA7AB713E30B07008E4E01 /* Foundation.framework in Frameworks */ = {isa = PBXBuildFile; fileRef = 6ECA7A9913E30B07008E4E01 /* Foundation.framework */; };
		6ECA7AB813E30B07008E4E01 /* CoreGraphics.framework in Frameworks */ = {isa = PBXBuildFile; fileRef = 6ECA7A9B13E30B07008E4E01 /* CoreGraphics.framework */; };
		6ECA7AB913E30B07008E4E01 /* CoreData.framework in Frameworks */ = {isa = PBXBuildFile; fileRef = 6ECA7A9D13E30B07008E4E01 /* CoreData.framework */; };
		6ECA7AC113E30B07008E4E01 /* InfoPlist.strings in Resources */ = {isa = PBXBuildFile; fileRef = 6ECA7ABF13E30B07008E4E01 /* InfoPlist.strings */; };
		6ECA7AC413E30B07008E4E01 /* NavigationSpikeTests.m in Sources */ = {isa = PBXBuildFile; fileRef = 6ECA7AC313E30B07008E4E01 /* NavigationSpikeTests.m */; };
/* End PBXBuildFile section */

/* Begin PBXContainerItemProxy section */
		6ECA7ABA13E30B07008E4E01 /* PBXContainerItemProxy */ = {
			isa = PBXContainerItemProxy;
			containerPortal = 6ECA7A8A13E30B07008E4E01 /* Project object */;
			proxyType = 1;
			remoteGlobalIDString = 6ECA7A9213E30B07008E4E01;
			remoteInfo = NavigationSpike;
		};
/* End PBXContainerItemProxy section */

/* Begin PBXFileReference section */
		6ECA7A9313E30B07008E4E01 /* NavigationSpike.app */ = {isa = PBXFileReference; explicitFileType = wrapper.application; includeInIndex = 0; path = NavigationSpike.app; sourceTree = BUILT_PRODUCTS_DIR; };
		6ECA7A9713E30B07008E4E01 /* UIKit.framework */ = {isa = PBXFileReference; lastKnownFileType = wrapper.framework; name = UIKit.framework; path = System/Library/Frameworks/UIKit.framework; sourceTree = SDKROOT; };
		6ECA7A9913E30B07008E4E01 /* Foundation.framework */ = {isa = PBXFileReference; lastKnownFileType = wrapper.framework; name = Foundation.framework; path = System/Library/Frameworks/Foundation.framework; sourceTree = SDKROOT; };
		6ECA7A9B13E30B07008E4E01 /* CoreGraphics.framework */ = {isa = PBXFileReference; lastKnownFileType = wrapper.framework; name = CoreGraphics.framework; path = System/Library/Frameworks/CoreGraphics.framework; sourceTree = SDKROOT; };
		6ECA7A9D13E30B07008E4E01 /* CoreData.framework */ = {isa = PBXFileReference; lastKnownFileType = wrapper.framework; name = CoreData.framework; path = System/Library/Frameworks/CoreData.framework; sourceTree = SDKROOT; };
		6ECA7AA113E30B07008E4E01 /* NavigationSpike-Info.plist */ = {isa = PBXFileReference; path = "NavigationSpike-Info.plist"; sourceTree = "<group>"; };
		6ECA7AA313E30B07008E4E01 /* en */ = {isa = PBXFileReference; lastKnownFileType = text.plist.strings; name = en; path = en.lproj/InfoPlist.strings; sourceTree = "<group>"; };
		6ECA7AA513E30B07008E4E01 /* main.m */ = {isa = PBXFileReference; lastKnownFileType = sourcecode.c.objc; path = main.m; sourceTree = "<group>"; };
		6ECA7AA713E30B07008E4E01 /* NavigationSpike-Prefix.pch */ = {isa = PBXFileReference; path = "NavigationSpike-Prefix.pch"; sourceTree = "<group>"; };
		6ECA7AA813E30B07008E4E01 /* NavigationSpikeAppDelegate.h */ = {isa = PBXFileReference; path = NavigationSpikeAppDelegate.h; sourceTree = "<group>"; };
		6ECA7AA913E30B07008E4E01 /* NavigationSpikeAppDelegate.m */ = {isa = PBXFileReference; lastKnownFileType = sourcecode.c.objc; path = NavigationSpikeAppDelegate.m; sourceTree = "<group>"; };
		6ECA7AAC13E30B07008E4E01 /* NavigationSpike.xcdatamodel */ = {isa = PBXFileReference; lastKnownFileType = wrapper.xcdatamodel; path = NavigationSpike.xcdatamodel; sourceTree = "<group>"; };
		6ECA7AB313E30B07008E4E01 /* NavigationSpikeTests.octest */ = {isa = PBXFileReference; explicitFileType = wrapper.cfbundle; includeInIndex = 0; path = NavigationSpikeTests.octest; sourceTree = BUILT_PRODUCTS_DIR; };
		6ECA7AB413E30B07008E4E01 /* SenTestingKit.framework */ = {isa = PBXFileReference; lastKnownFileType = wrapper.framework; name = SenTestingKit.framework; path = Library/Frameworks/SenTestingKit.framework; sourceTree = DEVELOPER_DIR; };
		6ECA7ABE13E30B07008E4E01 /* NavigationSpikeTests-Info.plist */ = {isa = PBXFileReference; path = "NavigationSpikeTests-Info.plist"; sourceTree = "<group>"; };
		6ECA7AC013E30B07008E4E01 /* en */ = {isa = PBXFileReference; lastKnownFileType = text.plist.strings; name = en; path = en.lproj/InfoPlist.strings; sourceTree = "<group>"; };
		6ECA7AC213E30B07008E4E01 /* NavigationSpikeTests.h */ = {isa = PBXFileReference; path = NavigationSpikeTests.h; sourceTree = "<group>"; };
		6ECA7AC313E30B07008E4E01 /* NavigationSpikeTests.m */ = {isa = PBXFileReference; lastKnownFileType = sourcecode.c.objc; path = NavigationSpikeTests.m; sourceTree = "<group>"; };
/* End PBXFileReference section */

/* Begin PBXFrameworksBuildPhase section */
		6ECA7A9013E30B07008E4E01 /* Frameworks */ = {
			isa = PBXFrameworksBuildPhase;
			buildActionMask = 2147483647;
			files = (
				6ECA7A9813E30B07008E4E01 /* UIKit.framework in Frameworks */,
				6ECA7A9A13E30B07008E4E01 /* Foundation.framework in Frameworks */,
				6ECA7A9C13E30B07008E4E01 /* CoreGraphics.framework in Frameworks */,
				6ECA7A9E13E30B07008E4E01 /* CoreData.framework in Frameworks */,
			);
			runOnlyForDeploymentPostprocessing = 0;
		};
		6ECA7AAF13E30B07008E4E01 /* Frameworks */ = {
			isa = PBXFrameworksBuildPhase;
			buildActionMask = 2147483647;
			files = (
				6ECA7AB513E30B07008E4E01 /* SenTestingKit.framework in Frameworks */,
				6ECA7AB613E30B07008E4E01 /* UIKit.framework in Frameworks */,
				6ECA7AB713E30B07008E4E01 /* Foundation.framework in Frameworks */,
				6ECA7AB813E30B07008E4E01 /* CoreGraphics.framework in Frameworks */,
				6ECA7AB913E30B07008E4E01 /* CoreData.framework in Frameworks */,
			);
			runOnlyForDeploymentPostprocessing = 0;
		};
/* End PBXFrameworksBuildPhase section */

/* Begin PBXGroup section */
		6ECA7A8813E30B07008E4E01 = {
			isa = PBXGroup;
			children = (
				6ECA7A9F13E30B07008E4E01 /* NavigationSpike */,
				6ECA7ABC13E30B07008E4E01 /* NavigationSpikeTests */,
				6ECA7A9613E30B07008E4E01 /* Frameworks */,
				6ECA7A9413E30B07008E4E01 /* Products */,
			);
			sourceTree = "<group>";
		};
		6ECA7A9413E30B07008E4E01 /* Products */ = {
			isa = PBXGroup;
			children = (
				6ECA7A9313E30B07008E4E01 /* NavigationSpike.app */,
				6ECA7AB313E30B07008E4E01 /* NavigationSpikeTests.octest */,
			);
			name = Products;
			sourceTree = "<group>";
		};
		6ECA7A9613E30B07008E4E01 /* Frameworks */ = {
			isa = PBXGroup;
			children = (
				6ECA7A9713E30B07008E4E01 /* UIKit.framework */,
				6ECA7A9913E30B07008E4E01 /* Foundation.framework */,
				6ECA7A9B13E30B07008E4E01 /* CoreGraphics.framework */,
				6ECA7A9D13E30B07008E4E01 /* CoreData.framework */,
				6ECA7AB413E30B07008E4E01 /* SenTestingKit.framework */,
			);
			name = Frameworks;
			sourceTree = "<group>";
		};
		6ECA7A9F13E30B07008E4E01 /* NavigationSpike */ = {
			isa = PBXGroup;
			children = (
				6ECA7AA813E30B07008E4E01 /* NavigationSpikeAppDelegate.h */,
				6ECA7AA913E30B07008E4E01 /* NavigationSpikeAppDelegate.m */,
				6ECA7AAB13E30B07008E4E01 /* NavigationSpike.xcdatamodeld */,
				6ECA7AA013E30B07008E4E01 /* Supporting Files */,
			);
			path = NavigationSpike;
			sourceTree = "<group>";
		};
		6ECA7AA013E30B07008E4E01 /* Supporting Files */ = {
			isa = PBXGroup;
			children = (
				6ECA7AA113E30B07008E4E01 /* NavigationSpike-Info.plist */,
				6ECA7AA213E30B07008E4E01 /* InfoPlist.strings */,
				6ECA7AA513E30B07008E4E01 /* main.m */,
				6ECA7AA713E30B07008E4E01 /* NavigationSpike-Prefix.pch */,
			);
			name = "Supporting Files";
			sourceTree = "<group>";
		};
		6ECA7ABC13E30B07008E4E01 /* NavigationSpikeTests */ = {
			isa = PBXGroup;
			children = (
				6ECA7AC213E30B07008E4E01 /* NavigationSpikeTests.h */,
				6ECA7AC313E30B07008E4E01 /* NavigationSpikeTests.m */,
				6ECA7ABD13E30B07008E4E01 /* Supporting Files */,
			);
			path = NavigationSpikeTests;
			sourceTree = "<group>";
		};
		6ECA7ABD13E30B07008E4E01 /* Supporting Files */ = {
			isa = PBXGroup;
			children = (
				6ECA7ABE13E30B07008E4E01 /* NavigationSpikeTests-Info.plist */,
				6ECA7ABF13E30B07008E4E01 /* InfoPlist.strings */,
			);
			name = "Supporting Files";
			sourceTree = "<group>";
		};
/* End PBXGroup section */

/* Begin PBXNativeTarget section */
		6ECA7A9213E30B07008E4E01 /* NavigationSpike */ = {
			isa = PBXNativeTarget;
			buildConfigurationList = 6ECA7AC713E30B07008E4E01 /* Build configuration list for PBXNativeTarget "NavigationSpike" */;
			buildPhases = (
				6ECA7A8F13E30B07008E4E01 /* Sources */,
				6ECA7A9013E30B07008E4E01 /* Frameworks */,
				6ECA7A9113E30B07008E4E01 /* Resources */,
			);
			buildRules = (
			);
			dependencies = (
			);
			name = NavigationSpike;
			productName = NavigationSpike;
			productReference = 6ECA7A9313E30B07008E4E01 /* NavigationSpike.app */;
			productType = "com.apple.product-type.application";
		};
		6ECA7AB213E30B07008E4E01 /* NavigationSpikeTests */ = {
			isa = PBXNativeTarget;
			buildConfigurationList = 6ECA7ACA13E30B07008E4E01 /* Build configuration list for PBXNativeTarget "NavigationSpikeTests" */;
			buildPhases = (
				6ECA7AAE13E30B07008E4E01 /* Sources */,
				6ECA7AAF13E30B07008E4E01 /* Frameworks */,
				6ECA7AB013E30B07008E4E01 /* Resources */,
				6ECA7AB113E30B07008E4E01 /* ShellScript */,
			);
			buildRules = (
			);
			dependencies = (
				6ECA7ABB13E30B07008E4E01 /* PBXTargetDependency */,
			);
			name = NavigationSpikeTests;
			productName = NavigationSpikeTests;
			productReference = 6ECA7AB313E30B07008E4E01 /* NavigationSpikeTests.octest */;
			productType = "com.apple.product-type.bundle";
		};
/* End PBXNativeTarget section */

/* Begin PBXProject section */
		6ECA7A8A13E30B07008E4E01 /* Project object */ = {
			isa = PBXProject;
			buildConfigurationList = 6ECA7A8D13E30B07008E4E01 /* Build configuration list for PBXProject "NavigationSpike" */;
			compatibilityVersion = "Xcode 3.2";
			developmentRegion = English;
			hasScannedForEncodings = 0;
			knownRegions = (
				en,
			);
			mainGroup = 6ECA7A8813E30B07008E4E01;
			productRefGroup = 6ECA7A9413E30B07008E4E01 /* Products */;
			projectDirPath = "";
			projectRoot = "";
			targets = (
				6ECA7A9213E30B07008E4E01 /* NavigationSpike */,
				6ECA7AB213E30B07008E4E01 /* NavigationSpikeTests */,
			);
		};
/* End PBXProject section */

/* Begin PBXResourcesBuildPhase section */
		6ECA7A9113E30B07008E4E01 /* Resources */ = {
			isa = PBXResourcesBuildPhase;
			buildActionMask = 2147483647;
			files = (
				6ECA7AA413E30B07008E4E01 /* InfoPlist.strings in Resources */,
			);
			runOnlyForDeploymentPostprocessing = 0;
		};
		6ECA7AB013E30B07008E4E01 /* Resources */ = {
			isa = PBXResourcesBuildPhase;
			buildActionMask = 2147483647;
			files = (
				6ECA7AC113E30B07008E4E01 /* InfoPlist.strings in Resources */,
			);
			runOnlyForDeploymentPostprocessing = 0;
		};
/* End PBXResourcesBuildPhase section */

/* Begin PBXShellScriptBuildPhase section */
		6ECA7AB113E30B07008E4E01 /* ShellScript */ = {
			isa = PBXShellScriptBuildPhase;
			buildActionMask = 2147483647;
			files = (
			);
			inputPaths = (
			);
			outputPaths = (
			);
			runOnlyForDeploymentPostprocessing = 0;
			shellPath = /bin/sh;
			shellScript = "# Run the unit tests in this test bundle.\n\"${SYSTEM_DEVELOPER_DIR}/Tools/RunUnitTests\"\n";
		};
/* End PBXShellScriptBuildPhase section */

/* Begin PBXSourcesBuildPhase section */
		6ECA7A8F13E30B07008E4E01 /* Sources */ = {
			isa = PBXSourcesBuildPhase;
			buildActionMask = 2147483647;
			files = (
				6ECA7AA613E30B07008E4E01 /* main.m in Sources */,
				6ECA7AAA13E30B07008E4E01 /* NavigationSpikeAppDelegate.m in Sources */,
				6ECA7AAD13E30B07008E4E01 /* NavigationSpike.xcdatamodeld in Sources */,
			);
			runOnlyForDeploymentPostprocessing = 0;
		};
		6ECA7AAE13E30B07008E4E01 /* Sources */ = {
			isa = PBXSourcesBuildPhase;
			buildActionMask = 2147483647;
			files = (
				6ECA7AC413E30B07008E4E01 /* NavigationSpikeTests.m in Sources */,
			);
			runOnlyForDeploymentPostprocessing = 0;
		};
/* End PBXSourcesBuildPhase section */

/* Begin PBXTargetDependency section */
		6ECA7ABB13E30B07008E4E01 /* PBXTargetDependency */ = {
			isa = PBXTargetDependency;
			target = 6ECA7A9213E30B07008E4E01 /* NavigationSpike */;
			targetProxy = 6ECA7ABA13E30B07008E4E01 /* PBXContainerItemProxy */;
		};
/* End PBXTargetDependency section */

/* Begin PBXVariantGroup section */
		6ECA7AA213E30B07008E4E01 /* InfoPlist.strings */ = {
			isa = PBXVariantGroup;
			children = (
				6ECA7AA313E30B07008E4E01 /* en */,
			);
			name = InfoPlist.strings;
			sourceTree = "<group>";
		};
		6ECA7ABF13E30B07008E4E01 /* InfoPlist.strings */ = {
			isa = PBXVariantGroup;
			children = (
				6ECA7AC013E30B07008E4E01 /* en */,
			);
			name = InfoPlist.strings;
			sourceTree = "<group>";
		};
/* End PBXVariantGroup section */

/* Begin XCBuildConfiguration section */
		6ECA7AC513E30B07008E4E01 /* Debug */ = {
			isa = XCBuildConfiguration;
			buildSettings = {
				ALWAYS_SEARCH_USER_PATHS = NO;
				ARCHS = "$(ARCHS_STANDARD_32_BIT)";
				CLANG_ENABLE_OBJC_ARC = YES;
				"CODE_SIGN_IDENTITY[sdk=iphoneos*]" = "iPhone Developer";
				COPY_PHASE_STRIP = NO;
				GCC_C_LANGUAGE_STANDARD = gnu99;
				GCC_DYNAMIC_NO_PIC = NO;
				GCC_OPTIMIZATION_LEVEL = 0;
				GCC_PREPROCESSOR_DEFINITIONS = (
					"DEBUG=1",
					"$(inherited)",
				);
				GCC_SYMBOLS_PRIVATE_EXTERN = NO;
				GCC_VERSION = com.apple.compilers.llvm.clang.1_0;
				GCC_WARN_ABOUT_MISSING_PROTOTYPES = YES;
				GCC_WARN_ABOUT_RETURN_TYPE = YES;
				GCC_WARN_UNUSED_VARIABLE = YES;
				IPHONEOS_DEPLOYMENT_TARGET = 5.0;
				SDKROOT = iphoneos;
			};
			name = Debug;
		};
		6ECA7AC613E30B07008E4E01 /* Release */ = {
			isa = XCBuildConfiguration;
			buildSettings = {
				ALWAYS_SEARCH_USER_PATHS = NO;
				ARCHS = "$(ARCHS_STANDARD_32_BIT)";
				CLANG_ENABLE_OBJC_ARC = YES;
				"CODE_SIGN_IDENTITY[sdk=iphoneos*]" = "iPhone Developer";
				COPY_PHASE_STRIP = YES;
				GCC_C_LANGUAGE_STANDARD = gnu99;
				GCC_VERSION = com.apple.compilers.llvm.clang.1_0;
				GCC_WARN_ABOUT_MISSING_PROTOTYPES = YES;
				GCC_WARN_ABOUT_RETURN_TYPE = YES;
				GCC_WARN_UNUSED_VARIABLE = YES;
				IPHONEOS_DEPLOYMENT_TARGET = 5.0;
				OTHER_CFLAGS = "-DNS_BLOCK_ASSERTIONS=1";
				SDKROOT = iphoneos;
				VALIDATE_PRODUCT = YES;
			};
			name = Release;
		};
		6ECA7AC813E30B07008E4E01 /* Debug */ = {
			isa = XCBuildConfiguration;
			buildSettings = {
				GCC_PRECOMPILE_PREFIX_HEADER = YES;
				GCC_PREFIX_HEADER = "NavigationSpike/NavigationSpike-Prefix.pch";
				INFOPLIST_FILE = "NavigationSpike/NavigationSpike-Info.plist";
				PRODUCT_NAME = "$(TARGET_NAME)";
				WRAPPER_EXTENSION = app;
			};
			name = Debug;
		};
		6ECA7AC913E30B07008E4E01 /* Release */ = {
			isa = XCBuildConfiguration;
			buildSettings = {
				GCC_PRECOMPILE_PREFIX_HEADER = YES;
				GCC_PREFIX_HEADER = "NavigationSpike/NavigationSpike-Prefix.pch";
				INFOPLIST_FILE = "NavigationSpike/NavigationSpike-Info.plist";
				PRODUCT_NAME = "$(TARGET_NAME)";
				WRAPPER_EXTENSION = app;
			};
			name = Release;
		};
		6ECA7ACB13E30B07008E4E01 /* Debug */ = {
			isa = XCBuildConfiguration;
			buildSettings = {
				BUNDLE_LOADER = "$(BUILT_PRODUCTS_DIR)/NavigationSpike.app/NavigationSpike";
				FRAMEWORK_SEARCH_PATHS = (
					"$(SDKROOT)/Developer/Library/Frameworks",
					"$(DEVELOPER_LIBRARY_DIR)/Frameworks",
				);
				GCC_PRECOMPILE_PREFIX_HEADER = YES;
				GCC_PREFIX_HEADER = "NavigationSpike/NavigationSpike-Prefix.pch";
				INFOPLIST_FILE = "NavigationSpikeTests/NavigationSpikeTests-Info.plist";
				PRODUCT_NAME = "$(TARGET_NAME)";
				TEST_HOST = "$(BUNDLE_LOADER)";
				WRAPPER_EXTENSION = octest;
			};
			name = Debug;
		};
		6ECA7ACC13E30B07008E4E01 /* Release */ = {
			isa = XCBuildConfiguration;
			buildSettings = {
				BUNDLE_LOADER = "$(BUILT_PRODUCTS_DIR)/NavigationSpike.app/NavigationSpike";
				FRAMEWORK_SEARCH_PATHS = (
					"$(SDKROOT)/Developer/Library/Frameworks",
					"$(DEVELOPER_LIBRARY_DIR)/Frameworks",
				);
				GCC_PRECOMPILE_PREFIX_HEADER = YES;
				GCC_PREFIX_HEADER = "NavigationSpike/NavigationSpike-Prefix.pch";
				INFOPLIST_FILE = "NavigationSpikeTests/NavigationSpikeTests-Info.plist";
				PRODUCT_NAME = "$(TARGET_NAME)";
				TEST_HOST = "$(BUNDLE_LOADER)";
				WRAPPER_EXTENSION = octest;
			};
			name = Release;
		};
/* End XCBuildConfiguration section */

/* Begin XCConfigurationList section */
		6ECA7A8D13E30B07008E4E01 /* Build configuration list for PBXProject "NavigationSpike" */ = {
			isa = XCConfigurationList;
			buildConfigurations = (
				6ECA7AC513E30B07008E4E01 /* Debug */,
				6ECA7AC613E30B07008E4E01 /* Release */,
			);
			defaultConfigurationIsVisible = 0;
			defaultConfigurationName = Release;
		};
		6ECA7AC713E30B07008E4E01 /* Build configuration list for PBXNativeTarget "NavigationSpike" */ = {
			isa = XCConfigurationList;
			buildConfigurations = (
				6ECA7AC813E30B07008E4E01 /* Debug */,
				6ECA7AC913E30B07008E4E01 /* Release */,
			);
			defaultConfigurationIsVisible = 0;
		};
		6ECA7ACA13E30B07008E4E01 /* Build configuration list for PBXNativeTarget "NavigationSpikeTests" */ = {
			isa = XCConfigurationList;
			buildConfigurations = (
				6ECA7ACB13E30B07008E4E01 /* Debug */,
				6ECA7ACC13E30B07008E4E01 /* Release */,
			);
			defaultConfigurationIsVisible = 0;
		};
/* End XCConfigurationList section */

/* Begin XCVersionGroup section */
		6ECA7AAB13E30B07008E4E01 /* NavigationSpike.xcdatamodeld */ = {
			isa = XCVersionGroup;
			children = (
				6ECA7AAC13E30B07008E4E01 /* NavigationSpike.xcdatamodel */,
			);
			currentVersion = 6ECA7AAC13E30B07008E4E01 /* NavigationSpike.xcdatamodel */;
			path = NavigationSpike.xcdatamodeld;
			sourceTree = "<group>";
			versionGroupType = wrapper.xcdatamodel;
		};
/* End XCVersionGroup section */
	};
	rootObject = 6ECA7A8A13E30B07008E4E01 /* Project object */;
}
